
Microsoft Visual Studio Solution File, Format Version 12.00
# Visual Studio Version 17
VisualStudioVersion = 17.4.33110.190
MinimumVisualStudioVersion = 10.0.40219.1
Project("{9A19103F-16F7-4668-BE54-9A1E7A4F7556}") = "Day00", "Day00\Day00.csproj", "{7864723C-1C91-45A7-B415-DFB795EE52E0}"
EndProject
Project("{9A19103F-16F7-4668-BE54-9A1E7A4F7556}") = "AoCUtils", "AoCUtils\AoCUtils.csproj", "{E13A2398-2792-4E22-BD7E-5520E367E515}"
EndProject
Project("{9A19103F-16F7-4668-BE54-9A1E7A4F7556}") = "Day01", "Day01\Day01.csproj", "{A2920E52-698F-4317-8FFF-D248B4BFA851}"
EndProject
Project("{9A19103F-16F7-4668-BE54-9A1E7A4F7556}") = "Day02", "Day02\Day02.csproj", "{913E0D16-E71C-4CE9-A759-70B35E9896A2}"
EndProject
Project("{9A19103F-16F7-4668-BE54-9A1E7A4F7556}") = "Day03", "Day03\Day03.csproj", "{582DECE9-47D9-4BF5-940B-8DCF1088B041}"
EndProject
Project("{9A19103F-16F7-4668-BE54-9A1E7A4F7556}") = "Day04", "Day04\Day04.csproj", "{58D662A2-3D9F-472D-8898-419839909FDE}"
EndProject
Project("{9A19103F-16F7-4668-BE54-9A1E7A4F7556}") = "Day05", "Day05\Day05.csproj", "{2513876A-AB82-4179-806A-D895AE9781A6}"
EndProject
Project("{9A19103F-16F7-4668-BE54-9A1E7A4F7556}") = "Day06", "Day06\Day06.csproj", "{B5B41E9F-D41D-4AF9-A0AB-26FF5353BB07}"
EndProject
Global
	GlobalSection(SolutionConfigurationPlatforms) = preSolution
		Debug|Any CPU = Debug|Any CPU
		Release|Any CPU = Release|Any CPU
	EndGlobalSection
	GlobalSection(ProjectConfigurationPlatforms) = postSolution
		{7864723C-1C91-45A7-B415-DFB795EE52E0}.Debug|Any CPU.ActiveCfg = Debug|Any CPU
		{7864723C-1C91-45A7-B415-DFB795EE52E0}.Debug|Any CPU.Build.0 = Debug|Any CPU
		{7864723C-1C91-45A7-B415-DFB795EE52E0}.Release|Any CPU.ActiveCfg = Release|Any CPU
		{7864723C-1C91-45A7-B415-DFB795EE52E0}.Release|Any CPU.Build.0 = Release|Any CPU
		{E13A2398-2792-4E22-BD7E-5520E367E515}.Debug|Any CPU.ActiveCfg = Debug|Any CPU
		{E13A2398-2792-4E22-BD7E-5520E367E515}.Debug|Any CPU.Build.0 = Debug|Any CPU
		{E13A2398-2792-4E22-BD7E-5520E367E515}.Release|Any CPU.ActiveCfg = Release|Any CPU
		{E13A2398-2792-4E22-BD7E-5520E367E515}.Release|Any CPU.Build.0 = Release|Any CPU
		{A2920E52-698F-4317-8FFF-D248B4BFA851}.Debug|Any CPU.ActiveCfg = Debug|Any CPU
		{A2920E52-698F-4317-8FFF-D248B4BFA851}.Debug|Any CPU.Build.0 = Debug|Any CPU
		{A2920E52-698F-4317-8FFF-D248B4BFA851}.Release|Any CPU.ActiveCfg = Release|Any CPU
		{A2920E52-698F-4317-8FFF-D248B4BFA851}.Release|Any CPU.Build.0 = Release|Any CPU
		{913E0D16-E71C-4CE9-A759-70B35E9896A2}.Debug|Any CPU.ActiveCfg = Debug|Any CPU
		{913E0D16-E71C-4CE9-A759-70B35E9896A2}.Debug|Any CPU.Build.0 = Debug|Any CPU
		{913E0D16-E71C-4CE9-A759-70B35E9896A2}.Release|Any CPU.ActiveCfg = Release|Any CPU
		{913E0D16-E71C-4CE9-A759-70B35E9896A2}.Release|Any CPU.Build.0 = Release|Any CPU
		{582DECE9-47D9-4BF5-940B-8DCF1088B041}.Debug|Any CPU.ActiveCfg = Debug|Any CPU
		{582DECE9-47D9-4BF5-940B-8DCF1088B041}.Debug|Any CPU.Build.0 = Debug|Any CPU
		{582DECE9-47D9-4BF5-940B-8DCF1088B041}.Release|Any CPU.ActiveCfg = Release|Any CPU
		{582DECE9-47D9-4BF5-940B-8DCF1088B041}.Release|Any CPU.Build.0 = Release|Any CPU
		{58D662A2-3D9F-472D-8898-419839909FDE}.Debug|Any CPU.ActiveCfg = Debug|Any CPU
		{58D662A2-3D9F-472D-8898-419839909FDE}.Debug|Any CPU.Build.0 = Debug|Any CPU
		{58D662A2-3D9F-472D-8898-419839909FDE}.Release|Any CPU.ActiveCfg = Release|Any CPU
		{58D662A2-3D9F-472D-8898-419839909FDE}.Release|Any CPU.Build.0 = Release|Any CPU
		{2513876A-AB82-4179-806A-D895AE9781A6}.Debug|Any CPU.ActiveCfg = Debug|Any CPU
		{2513876A-AB82-4179-806A-D895AE9781A6}.Debug|Any CPU.Build.0 = Debug|Any CPU
		{2513876A-AB82-4179-806A-D895AE9781A6}.Release|Any CPU.ActiveCfg = Release|Any CPU
		{2513876A-AB82-4179-806A-D895AE9781A6}.Release|Any CPU.Build.0 = Release|Any CPU
		{B5B41E9F-D41D-4AF9-A0AB-26FF5353BB07}.Debug|Any CPU.ActiveCfg = Debug|Any CPU
		{B5B41E9F-D41D-4AF9-A0AB-26FF5353BB07}.Debug|Any CPU.Build.0 = Debug|Any CPU
		{B5B41E9F-D41D-4AF9-A0AB-26FF5353BB07}.Release|Any CPU.ActiveCfg = Release|Any CPU
		{B5B41E9F-D41D-4AF9-A0AB-26FF5353BB07}.Release|Any CPU.Build.0 = Release|Any CPU
	EndGlobalSection
	GlobalSection(SolutionProperties) = preSolution
		HideSolutionNode = FALSE
	EndGlobalSection
	GlobalSection(ExtensibilityGlobals) = postSolution
		SolutionGuid = {1453A144-3349-415F-9ABD-3DAE0C845694}
	EndGlobalSection
EndGlobal
